
Microsoft Visual Studio Solution File, Format Version 12.00
# Visual Studio 15
VisualStudioVersion = 15.0.28307.102
MinimumVisualStudioVersion = 10.0.40219.1
Project("{8BC9CEB8-8B4A-11D0-8D11-00A0C91BC942}") = "Prog0001", "Prog0001\Prog0001.vcxproj", "{64710EC8-ABCE-4C24-922C-29DCAC8A0EE8}"
EndProject
Global
	GlobalSection(SolutionConfigurationPlatforms) = preSolution
		Debug|x64 = Debug|x64
		Debug|x86 = Debug|x86
		Release|x64 = Release|x64
		Release|x86 = Release|x86
	EndGlobalSection
	GlobalSection(ProjectConfigurationPlatforms) = postSolution
		{64710EC8-ABCE-4C24-922C-29DCAC8A0EE8}.Debug|x64.ActiveCfg = Debug|x64
		{64710EC8-ABCE-4C24-922C-29DCAC8A0EE8}.Debug|x64.Build.0 = Debug|x64
		{64710EC8-ABCE-4C24-922C-29DCAC8A0EE8}.Debug|x86.ActiveCfg = Debug|Win32
		{64710EC8-ABCE-4C24-922C-29DCAC8A0EE8}.Debug|x86.Build.0 = Debug|Win32
		{64710EC8-ABCE-4C24-922C-29DCAC8A0EE8}.Release|x64.ActiveCfg = Release|x64
		{64710EC8-ABCE-4C24-922C-29DCAC8A0EE8}.Release|x64.Build.0 = Release|x64
		{64710EC8-ABCE-4C24-922C-29DCAC8A0EE8}.Release|x86.ActiveCfg = Release|Win32
		{64710EC8-ABCE-4C24-922C-29DCAC8A0EE8}.Release|x86.Build.0 = Release|Win32
	EndGlobalSection
	GlobalSection(SolutionProperties) = preSolution
		HideSolutionNode = FALSE
	EndGlobalSection
	GlobalSection(ExtensibilityGlobals) = postSolution
		SolutionGuid = {BB404934-E200-4500-8A06-BEB62DC162A9}
	EndGlobalSection
EndGlobal
